
Microsoft Visual Studio Solution File, Format Version 12.00
# Visual Studio Version 16
VisualStudioVersion = 16.0.30204.135
MinimumVisualStudioVersion = 10.0.40219.1
Project("{FAE04EC0-301F-11D3-BF4B-00C04F79EFBC}") = "NumberGame", "NumberGame\NumberGame.csproj", "{AD70A259-D37F-4A4E-9CB2-460D0104EF96}"
EndProject
Global
	GlobalSection(SolutionConfigurationPlatforms) = preSolution
		Debug|Any CPU = Debug|Any CPU
		Release|Any CPU = Release|Any CPU
	EndGlobalSection
	GlobalSection(ProjectConfigurationPlatforms) = postSolution
		{AD70A259-D37F-4A4E-9CB2-460D0104EF96}.Debug|Any CPU.ActiveCfg = Debug|Any CPU
		{AD70A259-D37F-4A4E-9CB2-460D0104EF96}.Debug|Any CPU.Build.0 = Debug|Any CPU
		{AD70A259-D37F-4A4E-9CB2-460D0104EF96}.Release|Any CPU.ActiveCfg = Release|Any CPU
		{AD70A259-D37F-4A4E-9CB2-460D0104EF96}.Release|Any CPU.Build.0 = Release|Any CPU
	EndGlobalSection
	GlobalSection(SolutionProperties) = preSolution
		HideSolutionNode = FALSE
	EndGlobalSection
	GlobalSection(ExtensibilityGlobals) = postSolution
		SolutionGuid = {DA816B07-F6F1-4E76-8C7B-9F7CB4EC7C7D}
	EndGlobalSection
EndGlobal
